// !$*UTF8*$!
{
	archiveVersion = 1;
	classes = {
	};
	objectVersion = 52;
	objects = {

/* Begin PBXBuildFile section */
		9BB0138F26F4359E009ECF31 /* AppDelegate.swift in Sources */ = {isa = PBXBuildFile; fileRef = 9BB0138E26F4359E009ECF31 /* AppDelegate.swift */; };
		9BB0139126F4359E009ECF31 /* SceneDelegate.swift in Sources */ = {isa = PBXBuildFile; fileRef = 9BB0139026F4359E009ECF31 /* SceneDelegate.swift */; };
		9BB0139326F4359E009ECF31 /* MoviesViewController.swift in Sources */ = {isa = PBXBuildFile; fileRef = 9BB0139226F4359E009ECF31 /* MoviesViewController.swift */; };
		9BB0139626F4359E009ECF31 /* Main.storyboard in Resources */ = {isa = PBXBuildFile; fileRef = 9BB0139426F4359E009ECF31 /* Main.storyboard */; };
		9BB0139826F435A2009ECF31 /* Assets.xcassets in Resources */ = {isa = PBXBuildFile; fileRef = 9BB0139726F435A2009ECF31 /* Assets.xcassets */; };
		9BB0139B26F435A2009ECF31 /* LaunchScreen.storyboard in Resources */ = {isa = PBXBuildFile; fileRef = 9BB0139926F435A2009ECF31 /* LaunchScreen.storyboard */; };
		9BB013A626F435A3009ECF31 /* flixsterTests.swift in Sources */ = {isa = PBXBuildFile; fileRef = 9BB013A526F435A3009ECF31 /* flixsterTests.swift */; };
		9BB013B126F435A3009ECF31 /* flixsterUITests.swift in Sources */ = {isa = PBXBuildFile; fileRef = 9BB013B026F435A3009ECF31 /* flixsterUITests.swift */; };
		9BB013BF26F44B62009ECF31 /* MovieCell.swift in Sources */ = {isa = PBXBuildFile; fileRef = 9BB013BE26F44B62009ECF31 /* MovieCell.swift */; };
		9BB013C226F44F87009ECF31 /* AlamofireImage in Frameworks */ = {isa = PBXBuildFile; productRef = 9BB013C126F44F87009ECF31 /* AlamofireImage */; };
/* End PBXBuildFile section */

/* Begin PBXContainerItemProxy section */
		9BB013A226F435A3009ECF31 /* PBXContainerItemProxy */ = {
			isa = PBXContainerItemProxy;
			containerPortal = 9BB0138326F4359E009ECF31 /* Project object */;
			proxyType = 1;
			remoteGlobalIDString = 9BB0138A26F4359E009ECF31;
			remoteInfo = flixster;
		};
		9BB013AD26F435A3009ECF31 /* PBXContainerItemProxy */ = {
			isa = PBXContainerItemProxy;
			containerPortal = 9BB0138326F4359E009ECF31 /* Project object */;
			proxyType = 1;
			remoteGlobalIDString = 9BB0138A26F4359E009ECF31;
			remoteInfo = flixster;
		};
/* End PBXContainerItemProxy section */

/* Begin PBXFileReference section */
		9BB0138B26F4359E009ECF31 /* flixster.app */ = {isa = PBXFileReference; explicitFileType = wrapper.application; includeInIndex = 0; path = flixster.app; sourceTree = BUILT_PRODUCTS_DIR; };
		9BB0138E26F4359E009ECF31 /* AppDelegate.swift */ = {isa = PBXFileReference; lastKnownFileType = sourcecode.swift; path = AppDelegate.swift; sourceTree = "<group>"; };
		9BB0139026F4359E009ECF31 /* SceneDelegate.swift */ = {isa = PBXFileReference; lastKnownFileType = sourcecode.swift; path = SceneDelegate.swift; sourceTree = "<group>"; };
		9BB0139226F4359E009ECF31 /* MoviesViewController.swift */ = {isa = PBXFileReference; lastKnownFileType = sourcecode.swift; path = MoviesViewController.swift; sourceTree = "<group>"; };
		9BB0139526F4359E009ECF31 /* Base */ = {isa = PBXFileReference; lastKnownFileType = file.storyboard; name = Base; path = Base.lproj/Main.storyboard; sourceTree = "<group>"; };
		9BB0139726F435A2009ECF31 /* Assets.xcassets */ = {isa = PBXFileReference; lastKnownFileType = folder.assetcatalog; path = Assets.xcassets; sourceTree = "<group>"; };
		9BB0139A26F435A2009ECF31 /* Base */ = {isa = PBXFileReference; lastKnownFileType = file.storyboard; name = Base; path = Base.lproj/LaunchScreen.storyboard; sourceTree = "<group>"; };
		9BB0139C26F435A2009ECF31 /* Info.plist */ = {isa = PBXFileReference; lastKnownFileType = text.plist.xml; path = Info.plist; sourceTree = "<group>"; };
		9BB013A126F435A2009ECF31 /* flixsterTests.xctest */ = {isa = PBXFileReference; explicitFileType = wrapper.cfbundle; includeInIndex = 0; path = flixsterTests.xctest; sourceTree = BUILT_PRODUCTS_DIR; };
		9BB013A526F435A3009ECF31 /* flixsterTests.swift */ = {isa = PBXFileReference; lastKnownFileType = sourcecode.swift; path = flixsterTests.swift; sourceTree = "<group>"; };
		9BB013A726F435A3009ECF31 /* Info.plist */ = {isa = PBXFileReference; lastKnownFileType = text.plist.xml; path = Info.plist; sourceTree = "<group>"; };
		9BB013AC26F435A3009ECF31 /* flixsterUITests.xctest */ = {isa = PBXFileReference; explicitFileType = wrapper.cfbundle; includeInIndex = 0; path = flixsterUITests.xctest; sourceTree = BUILT_PRODUCTS_DIR; };
		9BB013B026F435A3009ECF31 /* flixsterUITests.swift */ = {isa = PBXFileReference; lastKnownFileType = sourcecode.swift; path = flixsterUITests.swift; sourceTree = "<group>"; };
		9BB013B226F435A3009ECF31 /* Info.plist */ = {isa = PBXFileReference; lastKnownFileType = text.plist.xml; path = Info.plist; sourceTree = "<group>"; };
		9BB013BE26F44B62009ECF31 /* MovieCell.swift */ = {isa = PBXFileReference; lastKnownFileType = sourcecode.swift; path = MovieCell.swift; sourceTree = "<group>"; };
/* End PBXFileReference section */

/* Begin PBXFrameworksBuildPhase section */
		9BB0138826F4359E009ECF31 /* Frameworks */ = {
			isa = PBXFrameworksBuildPhase;
			buildActionMask = 2147483647;
			files = (
				9BB013C226F44F87009ECF31 /* AlamofireImage in Frameworks */,
			);
			runOnlyForDeploymentPostprocessing = 0;
		};
		9BB0139E26F435A2009ECF31 /* Frameworks */ = {
			isa = PBXFrameworksBuildPhase;
			buildActionMask = 2147483647;
			files = (
			);
			runOnlyForDeploymentPostprocessing = 0;
		};
		9BB013A926F435A3009ECF31 /* Frameworks */ = {
			isa = PBXFrameworksBuildPhase;
			buildActionMask = 2147483647;
			files = (
			);
			runOnlyForDeploymentPostprocessing = 0;
		};
/* End PBXFrameworksBuildPhase section */

/* Begin PBXGroup section */
		9BB0138226F4359E009ECF31 = {
			isa = PBXGroup;
			children = (
				9BB0138D26F4359E009ECF31 /* flixster */,
				9BB013A426F435A3009ECF31 /* flixsterTests */,
				9BB013AF26F435A3009ECF31 /* flixsterUITests */,
				9BB0138C26F4359E009ECF31 /* Products */,
			);
			sourceTree = "<group>";
		};
		9BB0138C26F4359E009ECF31 /* Products */ = {
			isa = PBXGroup;
			children = (
				9BB0138B26F4359E009ECF31 /* flixster.app */,
				9BB013A126F435A2009ECF31 /* flixsterTests.xctest */,
				9BB013AC26F435A3009ECF31 /* flixsterUITests.xctest */,
			);
			name = Products;
			sourceTree = "<group>";
		};
		9BB0138D26F4359E009ECF31 /* flixster */ = {
			isa = PBXGroup;
			children = (
				9BB0138E26F4359E009ECF31 /* AppDelegate.swift */,
				9BB0139026F4359E009ECF31 /* SceneDelegate.swift */,
				9BB0139226F4359E009ECF31 /* MoviesViewController.swift */,
				9BB0139426F4359E009ECF31 /* Main.storyboard */,
				9BB013BE26F44B62009ECF31 /* MovieCell.swift */,
				9BB0139726F435A2009ECF31 /* Assets.xcassets */,
				9BB0139926F435A2009ECF31 /* LaunchScreen.storyboard */,
				9BB0139C26F435A2009ECF31 /* Info.plist */,
			);
			path = flixster;
			sourceTree = "<group>";
		};
		9BB013A426F435A3009ECF31 /* flixsterTests */ = {
			isa = PBXGroup;
			children = (
				9BB013A526F435A3009ECF31 /* flixsterTests.swift */,
				9BB013A726F435A3009ECF31 /* Info.plist */,
			);
			path = flixsterTests;
			sourceTree = "<group>";
		};
		9BB013AF26F435A3009ECF31 /* flixsterUITests */ = {
			isa = PBXGroup;
			children = (
				9BB013B026F435A3009ECF31 /* flixsterUITests.swift */,
				9BB013B226F435A3009ECF31 /* Info.plist */,
			);
			path = flixsterUITests;
			sourceTree = "<group>";
		};
/* End PBXGroup section */

/* Begin PBXNativeTarget section */
		9BB0138A26F4359E009ECF31 /* flixster */ = {
			isa = PBXNativeTarget;
			buildConfigurationList = 9BB013B526F435A3009ECF31 /* Build configuration list for PBXNativeTarget "flixster" */;
			buildPhases = (
				9BB0138726F4359E009ECF31 /* Sources */,
				9BB0138826F4359E009ECF31 /* Frameworks */,
				9BB0138926F4359E009ECF31 /* Resources */,
			);
			buildRules = (
			);
			dependencies = (
			);
			name = flixster;
			packageProductDependencies = (
				9BB013C126F44F87009ECF31 /* AlamofireImage */,
			);
			productName = flixster;
			productReference = 9BB0138B26F4359E009ECF31 /* flixster.app */;
			productType = "com.apple.product-type.application";
		};
		9BB013A026F435A2009ECF31 /* flixsterTests */ = {
			isa = PBXNativeTarget;
			buildConfigurationList = 9BB013B826F435A3009ECF31 /* Build configuration list for PBXNativeTarget "flixsterTests" */;
			buildPhases = (
				9BB0139D26F435A2009ECF31 /* Sources */,
				9BB0139E26F435A2009ECF31 /* Frameworks */,
				9BB0139F26F435A2009ECF31 /* Resources */,
			);
			buildRules = (
			);
			dependencies = (
				9BB013A326F435A3009ECF31 /* PBXTargetDependency */,
			);
			name = flixsterTests;
			productName = flixsterTests;
			productReference = 9BB013A126F435A2009ECF31 /* flixsterTests.xctest */;
			productType = "com.apple.product-type.bundle.unit-test";
		};
		9BB013AB26F435A3009ECF31 /* flixsterUITests */ = {
			isa = PBXNativeTarget;
			buildConfigurationList = 9BB013BB26F435A3009ECF31 /* Build configuration list for PBXNativeTarget "flixsterUITests" */;
			buildPhases = (
				9BB013A826F435A3009ECF31 /* Sources */,
				9BB013A926F435A3009ECF31 /* Frameworks */,
				9BB013AA26F435A3009ECF31 /* Resources */,
			);
			buildRules = (
			);
			dependencies = (
				9BB013AE26F435A3009ECF31 /* PBXTargetDependency */,
			);
			name = flixsterUITests;
			productName = flixsterUITests;
			productReference = 9BB013AC26F435A3009ECF31 /* flixsterUITests.xctest */;
			productType = "com.apple.product-type.bundle.ui-testing";
		};
/* End PBXNativeTarget section */

/* Begin PBXProject section */
		9BB0138326F4359E009ECF31 /* Project object */ = {
			isa = PBXProject;
			attributes = {
				LastSwiftUpdateCheck = 1250;
				LastUpgradeCheck = 1250;
				TargetAttributes = {
					9BB0138A26F4359E009ECF31 = {
						CreatedOnToolsVersion = 12.5.1;
					};
					9BB013A026F435A2009ECF31 = {
						CreatedOnToolsVersion = 12.5.1;
						TestTargetID = 9BB0138A26F4359E009ECF31;
					};
					9BB013AB26F435A3009ECF31 = {
						CreatedOnToolsVersion = 12.5.1;
						TestTargetID = 9BB0138A26F4359E009ECF31;
					};
				};
			};
			buildConfigurationList = 9BB0138626F4359E009ECF31 /* Build configuration list for PBXProject "flixster" */;
			compatibilityVersion = "Xcode 9.3";
			developmentRegion = en;
			hasScannedForEncodings = 0;
			knownRegions = (
				en,
				Base,
			);
			mainGroup = 9BB0138226F4359E009ECF31;
			packageReferences = (
				9BB013C026F44F87009ECF31 /* XCRemoteSwiftPackageReference "AlamofireImage" */,
			);
			productRefGroup = 9BB0138C26F4359E009ECF31 /* Products */;
			projectDirPath = "";
			projectRoot = "";
			targets = (
				9BB0138A26F4359E009ECF31 /* flixster */,
				9BB013A026F435A2009ECF31 /* flixsterTests */,
				9BB013AB26F435A3009ECF31 /* flixsterUITests */,
			);
		};
/* End PBXProject section */

/* Begin PBXResourcesBuildPhase section */
		9BB0138926F4359E009ECF31 /* Resources */ = {
			isa = PBXResourcesBuildPhase;
			buildActionMask = 2147483647;
			files = (
				9BB0139B26F435A2009ECF31 /* LaunchScreen.storyboard in Resources */,
				9BB0139826F435A2009ECF31 /* Assets.xcassets in Resources */,
				9BB0139626F4359E009ECF31 /* Main.storyboard in Resources */,
			);
			runOnlyForDeploymentPostprocessing = 0;
		};
		9BB0139F26F435A2009ECF31 /* Resources */ = {
			isa = PBXResourcesBuildPhase;
			buildActionMask = 2147483647;
			files = (
			);
			runOnlyForDeploymentPostprocessing = 0;
		};
		9BB013AA26F435A3009ECF31 /* Resources */ = {
			isa = PBXResourcesBuildPhase;
			buildActionMask = 2147483647;
			files = (
			);
			runOnlyForDeploymentPostprocessing = 0;
		};
/* End PBXResourcesBuildPhase section */

/* Begin PBXSourcesBuildPhase section */
		9BB0138726F4359E009ECF31 /* Sources */ = {
			isa = PBXSourcesBuildPhase;
			buildActionMask = 2147483647;
			files = (
				9BB0139326F4359E009ECF31 /* MoviesViewController.swift in Sources */,
				9BB0138F26F4359E009ECF31 /* AppDelegate.swift in Sources */,
				9BB013BF26F44B62009ECF31 /* MovieCell.swift in Sources */,
				9BB0139126F4359E009ECF31 /* SceneDelegate.swift in Sources */,
			);
			runOnlyForDeploymentPostprocessing = 0;
		};
		9BB0139D26F435A2009ECF31 /* Sources */ = {
			isa = PBXSourcesBuildPhase;
			buildActionMask = 2147483647;
			files = (
				9BB013A626F435A3009ECF31 /* flixsterTests.swift in Sources */,
			);
			runOnlyForDeploymentPostprocessing = 0;
		};
		9BB013A826F435A3009ECF31 /* Sources */ = {
			isa = PBXSourcesBuildPhase;
			buildActionMask = 2147483647;
			files = (
				9BB013B126F435A3009ECF31 /* flixsterUITests.swift in Sources */,
			);
			runOnlyForDeploymentPostprocessing = 0;
		};
/* End PBXSourcesBuildPhase section */

/* Begin PBXTargetDependency section */
		9BB013A326F435A3009ECF31 /* PBXTargetDependency */ = {
			isa = PBXTargetDependency;
			target = 9BB0138A26F4359E009ECF31 /* flixster */;
			targetProxy = 9BB013A226F435A3009ECF31 /* PBXContainerItemProxy */;
		};
		9BB013AE26F435A3009ECF31 /* PBXTargetDependency */ = {
			isa = PBXTargetDependency;
			target = 9BB0138A26F4359E009ECF31 /* flixster */;
			targetProxy = 9BB013AD26F435A3009ECF31 /* PBXContainerItemProxy */;
		};
/* End PBXTargetDependency section */

/* Begin PBXVariantGroup section */
		9BB0139426F4359E009ECF31 /* Main.storyboard */ = {
			isa = PBXVariantGroup;
			children = (
				9BB0139526F4359E009ECF31 /* Base */,
			);
			name = Main.storyboard;
			sourceTree = "<group>";
		};
		9BB0139926F435A2009ECF31 /* LaunchScreen.storyboard */ = {
			isa = PBXVariantGroup;
			children = (
				9BB0139A26F435A2009ECF31 /* Base */,
			);
			name = LaunchScreen.storyboard;
			sourceTree = "<group>";
		};
/* End PBXVariantGroup section */

/* Begin XCBuildConfiguration section */
		9BB013B326F435A3009ECF31 /* Debug */ = {
			isa = XCBuildConfiguration;
			buildSettings = {
				ALWAYS_SEARCH_USER_PATHS = NO;
				CLANG_ANALYZER_NONNULL = YES;
				CLANG_ANALYZER_NUMBER_OBJECT_CONVERSION = YES_AGGRESSIVE;
				CLANG_CXX_LANGUAGE_STANDARD = "gnu++14";
				CLANG_CXX_LIBRARY = "libc++";
				CLANG_ENABLE_MODULES = YES;
				CLANG_ENABLE_OBJC_ARC = YES;
				CLANG_ENABLE_OBJC_WEAK = YES;
				CLANG_WARN_BLOCK_CAPTURE_AUTORELEASING = YES;
				CLANG_WARN_BOOL_CONVERSION = YES;
				CLANG_WARN_COMMA = YES;
				CLANG_WARN_CONSTANT_CONVERSION = YES;
				CLANG_WARN_DEPRECATED_OBJC_IMPLEMENTATIONS = YES;
				CLANG_WARN_DIRECT_OBJC_ISA_USAGE = YES_ERROR;
				CLANG_WARN_DOCUMENTATION_COMMENTS = YES;
				CLANG_WARN_EMPTY_BODY = YES;
				CLANG_WARN_ENUM_CONVERSION = YES;
				CLANG_WARN_INFINITE_RECURSION = YES;
				CLANG_WARN_INT_CONVERSION = YES;
				CLANG_WARN_NON_LITERAL_NULL_CONVERSION = YES;
				CLANG_WARN_OBJC_IMPLICIT_RETAIN_SELF = YES;
				CLANG_WARN_OBJC_LITERAL_CONVERSION = YES;
				CLANG_WARN_OBJC_ROOT_CLASS = YES_ERROR;
				CLANG_WARN_QUOTED_INCLUDE_IN_FRAMEWORK_HEADER = YES;
				CLANG_WARN_RANGE_LOOP_ANALYSIS = YES;
				CLANG_WARN_STRICT_PROTOTYPES = YES;
				CLANG_WARN_SUSPICIOUS_MOVE = YES;
				CLANG_WARN_UNGUARDED_AVAILABILITY = YES_AGGRESSIVE;
				CLANG_WARN_UNREACHABLE_CODE = YES;
				CLANG_WARN__DUPLICATE_METHOD_MATCH = YES;
				COPY_PHASE_STRIP = NO;
				DEBUG_INFORMATION_FORMAT = dwarf;
				ENABLE_STRICT_OBJC_MSGSEND = YES;
				ENABLE_TESTABILITY = YES;
				GCC_C_LANGUAGE_STANDARD = gnu11;
				GCC_DYNAMIC_NO_PIC = NO;
				GCC_NO_COMMON_BLOCKS = YES;
				GCC_OPTIMIZATION_LEVEL = 0;
				GCC_PREPROCESSOR_DEFINITIONS = (
					"DEBUG=1",
					"$(inherited)",
				);
				GCC_WARN_64_TO_32_BIT_CONVERSION = YES;
				GCC_WARN_ABOUT_RETURN_TYPE = YES_ERROR;
				GCC_WARN_UNDECLARED_SELECTOR = YES;
				GCC_WARN_UNINITIALIZED_AUTOS = YES_AGGRESSIVE;
				GCC_WARN_UNUSED_FUNCTION = YES;
				GCC_WARN_UNUSED_VARIABLE = YES;
				IPHONEOS_DEPLOYMENT_TARGET = 14.5;
				MTL_ENABLE_DEBUG_INFO = INCLUDE_SOURCE;
				MTL_FAST_MATH = YES;
				ONLY_ACTIVE_ARCH = YES;
				SDKROOT = iphoneos;
				SWIFT_ACTIVE_COMPILATION_CONDITIONS = DEBUG;
				SWIFT_OPTIMIZATION_LEVEL = "-Onone";
			};
			name = Debug;
		};
		9BB013B426F435A3009ECF31 /* Release */ = {
			isa = XCBuildConfiguration;
			buildSettings = {
				ALWAYS_SEARCH_USER_PATHS = NO;
				CLANG_ANALYZER_NONNULL = YES;
				CLANG_ANALYZER_NUMBER_OBJECT_CONVERSION = YES_AGGRESSIVE;
				CLANG_CXX_LANGUAGE_STANDARD = "gnu++14";
				CLANG_CXX_LIBRARY = "libc++";
				CLANG_ENABLE_MODULES = YES;
				CLANG_ENABLE_OBJC_ARC = YES;
				CLANG_ENABLE_OBJC_WEAK = YES;
				CLANG_WARN_BLOCK_CAPTURE_AUTORELEASING = YES;
				CLANG_WARN_BOOL_CONVERSION = YES;
				CLANG_WARN_COMMA = YES;
				CLANG_WARN_CONSTANT_CONVERSION = YES;
				CLANG_WARN_DEPRECATED_OBJC_IMPLEMENTATIONS = YES;
				CLANG_WARN_DIRECT_OBJC_ISA_USAGE = YES_ERROR;
				CLANG_WARN_DOCUMENTATION_COMMENTS = YES;
				CLANG_WARN_EMPTY_BODY = YES;
				CLANG_WARN_ENUM_CONVERSION = YES;
				CLANG_WARN_INFINITE_RECURSION = YES;
				CLANG_WARN_INT_CONVERSION = YES;
				CLANG_WARN_NON_LITERAL_NULL_CONVERSION = YES;
				CLANG_WARN_OBJC_IMPLICIT_RETAIN_SELF = YES;
				CLANG_WARN_OBJC_LITERAL_CONVERSION = YES;
				CLANG_WARN_OBJC_ROOT_CLASS = YES_ERROR;
				CLANG_WARN_QUOTED_INCLUDE_IN_FRAMEWORK_HEADER = YES;
				CLANG_WARN_RANGE_LOOP_ANALYSIS = YES;
				CLANG_WARN_STRICT_PROTOTYPES = YES;
				CLANG_WARN_SUSPICIOUS_MOVE = YES;
				CLANG_WARN_UNGUARDED_AVAILABILITY = YES_AGGRESSIVE;
				CLANG_WARN_UNREACHABLE_CODE = YES;
				CLANG_WARN__DUPLICATE_METHOD_MATCH = YES;
				COPY_PHASE_STRIP = NO;
				DEBUG_INFORMATION_FORMAT = "dwarf-with-dsym";
				ENABLE_NS_ASSERTIONS = NO;
				ENABLE_STRICT_OBJC_MSGSEND = YES;
				GCC_C_LANGUAGE_STANDARD = gnu11;
				GCC_NO_COMMON_BLOCKS = YES;
				GCC_WARN_64_TO_32_BIT_CONVERSION = YES;
				GCC_WARN_ABOUT_RETURN_TYPE = YES_ERROR;
				GCC_WARN_UNDECLARED_SELECTOR = YES;
				GCC_WARN_UNINITIALIZED_AUTOS = YES_AGGRESSIVE;
				GCC_WARN_UNUSED_FUNCTION = YES;
				GCC_WARN_UNUSED_VARIABLE = YES;
				IPHONEOS_DEPLOYMENT_TARGET = 14.5;
				MTL_ENABLE_DEBUG_INFO = NO;
				MTL_FAST_MATH = YES;
				SDKROOT = iphoneos;
				SWIFT_COMPILATION_MODE = wholemodule;
				SWIFT_OPTIMIZATION_LEVEL = "-O";
				VALIDATE_PRODUCT = YES;
			};
			name = Release;
		};
		9BB013B626F435A3009ECF31 /* Debug */ = {
			isa = XCBuildConfiguration;
			buildSettings = {
				ASSETCATALOG_COMPILER_APPICON_NAME = AppIcon;
				ASSETCATALOG_COMPILER_GLOBAL_ACCENT_COLOR_NAME = AccentColor;
				CODE_SIGN_STYLE = Automatic;
				INFOPLIST_FILE = flixster/Info.plist;
				LD_RUNPATH_SEARCH_PATHS = (
					"$(inherited)",
					"@executable_path/Frameworks",
				);
				PRODUCT_BUNDLE_IDENTIFIER = memo.com.flixster;
				PRODUCT_NAME = "$(TARGET_NAME)";
				SWIFT_VERSION = 5.0;
				TARGETED_DEVICE_FAMILY = "1,2";
			};
			name = Debug;
		};
		9BB013B726F435A3009ECF31 /* Release */ = {
			isa = XCBuildConfiguration;
			buildSettings = {
				ASSETCATALOG_COMPILER_APPICON_NAME = AppIcon;
				ASSETCATALOG_COMPILER_GLOBAL_ACCENT_COLOR_NAME = AccentColor;
				CODE_SIGN_STYLE = Automatic;
				INFOPLIST_FILE = flixster/Info.plist;
				LD_RUNPATH_SEARCH_PATHS = (
					"$(inherited)",
					"@executable_path/Frameworks",
				);
				PRODUCT_BUNDLE_IDENTIFIER = memo.com.flixster;
				PRODUCT_NAME = "$(TARGET_NAME)";
				SWIFT_VERSION = 5.0;
				TARGETED_DEVICE_FAMILY = "1,2";
			};
			name = Release;
		};
		9BB013B926F435A3009ECF31 /* Debug */ = {
			isa = XCBuildConfiguration;
			buildSettings = {
				ALWAYS_EMBED_SWIFT_STANDARD_LIBRARIES = YES;
				BUNDLE_LOADER = "$(TEST_HOST)";
				CODE_SIGN_STYLE = Automatic;
				INFOPLIST_FILE = flixsterTests/Info.plist;
				IPHONEOS_DEPLOYMENT_TARGET = 14.5;
				LD_RUNPATH_SEARCH_PATHS = (
					"$(inherited)",
					"@executable_path/Frameworks",
					"@loader_path/Frameworks",
				);
				PRODUCT_BUNDLE_IDENTIFIER = memo.com.flixsterTests;
				PRODUCT_NAME = "$(TARGET_NAME)";
				SWIFT_VERSION = 5.0;
				TARGETED_DEVICE_FAMILY = "1,2";
				TEST_HOST = "$(BUILT_PRODUCTS_DIR)/flixster.app/flixster";
			};
			name = Debug;
		};
		9BB013BA26F435A3009ECF31 /* Release */ = {
			isa = XCBuildConfiguration;
			buildSettings = {
				ALWAYS_EMBED_SWIFT_STANDARD_LIBRARIES = YES;
				BUNDLE_LOADER = "$(TEST_HOST)";
				CODE_SIGN_STYLE = Automatic;
				INFOPLIST_FILE = flixsterTests/Info.plist;
				IPHONEOS_DEPLOYMENT_TARGET = 14.5;
				LD_RUNPATH_SEARCH_PATHS = (
					"$(inherited)",
					"@executable_path/Frameworks",
					"@loader_path/Frameworks",
				);
				PRODUCT_BUNDLE_IDENTIFIER = memo.com.flixsterTests;
				PRODUCT_NAME = "$(TARGET_NAME)";
				SWIFT_VERSION = 5.0;
				TARGETED_DEVICE_FAMILY = "1,2";
				TEST_HOST = "$(BUILT_PRODUCTS_DIR)/flixster.app/flixster";
			};
			name = Release;
		};
		9BB013BC26F435A3009ECF31 /* Debug */ = {
			isa = XCBuildConfiguration;
			buildSettings = {
				ALWAYS_EMBED_SWIFT_STANDARD_LIBRARIES = YES;
				CODE_SIGN_STYLE = Automatic;
				INFOPLIST_FILE = flixsterUITests/Info.plist;
				LD_RUNPATH_SEARCH_PATHS = (
					"$(inherited)",
					"@executable_path/Frameworks",
					"@loader_path/Frameworks",
				);
				PRODUCT_BUNDLE_IDENTIFIER = memo.com.flixsterUITests;
				PRODUCT_NAME = "$(TARGET_NAME)";
				SWIFT_VERSION = 5.0;
				TARGETED_DEVICE_FAMILY = "1,2";
				TEST_TARGET_NAME = flixster;
			};
			name = Debug;
		};
		9BB013BD26F435A3009ECF31 /* Release */ = {
			isa = XCBuildConfiguration;
			buildSettings = {
				ALWAYS_EMBED_SWIFT_STANDARD_LIBRARIES = YES;
				CODE_SIGN_STYLE = Automatic;
				INFOPLIST_FILE = flixsterUITests/Info.plist;
				LD_RUNPATH_SEARCH_PATHS = (
					"$(inherited)",
					"@executable_path/Frameworks",
					"@loader_path/Frameworks",
				);
				PRODUCT_BUNDLE_IDENTIFIER = memo.com.flixsterUITests;
				PRODUCT_NAME = "$(TARGET_NAME)";
				SWIFT_VERSION = 5.0;
				TARGETED_DEVICE_FAMILY = "1,2";
				TEST_TARGET_NAME = flixster;
			};
			name = Release;
		};
/* End XCBuildConfiguration section */

/* Begin XCConfigurationList section */
		9BB0138626F4359E009ECF31 /* Build configuration list for PBXProject "flixster" */ = {
			isa = XCConfigurationList;
			buildConfigurations = (
				9BB013B326F435A3009ECF31 /* Debug */,
				9BB013B426F435A3009ECF31 /* Release */,
			);
			defaultConfigurationIsVisible = 0;
			defaultConfigurationName = Release;
		};
		9BB013B526F435A3009ECF31 /* Build configuration list for PBXNativeTarget "flixster" */ = {
			isa = XCConfigurationList;
			buildConfigurations = (
				9BB013B626F435A3009ECF31 /* Debug */,
				9BB013B726F435A3009ECF31 /* Release */,
			);
			defaultConfigurationIsVisible = 0;
			defaultConfigurationName = Release;
		};
		9BB013B826F435A3009ECF31 /* Build configuration list for PBXNativeTarget "flixsterTests" */ = {
			isa = XCConfigurationList;
			buildConfigurations = (
				9BB013B926F435A3009ECF31 /* Debug */,
				9BB013BA26F435A3009ECF31 /* Release */,
			);
			defaultConfigurationIsVisible = 0;
			defaultConfigurationName = Release;
		};
		9BB013BB26F435A3009ECF31 /* Build configuration list for PBXNativeTarget "flixsterUITests" */ = {
			isa = XCConfigurationList;
			buildConfigurations = (
				9BB013BC26F435A3009ECF31 /* Debug */,
				9BB013BD26F435A3009ECF31 /* Release */,
			);
			defaultConfigurationIsVisible = 0;
			defaultConfigurationName = Release;
		};
/* End XCConfigurationList section */

/* Begin XCRemoteSwiftPackageReference section */
		9BB013C026F44F87009ECF31 /* XCRemoteSwiftPackageReference "AlamofireImage" */ = {
			isa = XCRemoteSwiftPackageReference;
			repositoryURL = "https://github.com/Alamofire/AlamofireImage";
			requirement = {
				kind = upToNextMajorVersion;
				minimumVersion = 4.2.0;
			};
		};
/* End XCRemoteSwiftPackageReference section */

/* Begin XCSwiftPackageProductDependency section */
		9BB013C126F44F87009ECF31 /* AlamofireImage */ = {
			isa = XCSwiftPackageProductDependency;
			package = 9BB013C026F44F87009ECF31 /* XCRemoteSwiftPackageReference "AlamofireImage" */;
			productName = AlamofireImage;
		};
/* End XCSwiftPackageProductDependency section */
	};
	rootObject = 9BB0138326F4359E009ECF31 /* Project object */;
}
